
Microsoft Visual Studio Solution File, Format Version 12.00
# Visual Studio Version 16
VisualStudioVersion = 16.0.31515.178
MinimumVisualStudioVersion = 10.0.40219.1
Project("{FAE04EC0-301F-11D3-BF4B-00C04F79EFBC}") = "SpotifyUI.Android", "SpotifyUI\SpotifyUI.Android\SpotifyUI.Android.csproj", "{F69BE1D5-9516-43ED-963E-C39B7301B63C}"
EndProject
Project("{FAE04EC0-301F-11D3-BF4B-00C04F79EFBC}") = "SpotifyUI.iOS", "SpotifyUI\SpotifyUI.iOS\SpotifyUI.iOS.csproj", "{1DE0CD6F-D5A2-4C9F-87EC-3942CDA979FF}"
EndProject
Project("{FAE04EC0-301F-11D3-BF4B-00C04F79EFBC}") = "SpotifyUI", "SpotifyUI\SpotifyUI\SpotifyUI.csproj", "{17F45526-CE40-48D5-B118-0903BA4CB1A6}"
EndProject
Global
	GlobalSection(SolutionConfigurationPlatforms) = preSolution
		Debug|Any CPU = Debug|Any CPU
		Debug|iPhone = Debug|iPhone
		Debug|iPhoneSimulator = Debug|iPhoneSimulator
		Release|Any CPU = Release|Any CPU
		Release|iPhone = Release|iPhone
		Release|iPhoneSimulator = Release|iPhoneSimulator
	EndGlobalSection
	GlobalSection(ProjectConfigurationPlatforms) = postSolution
		{F69BE1D5-9516-43ED-963E-C39B7301B63C}.Debug|Any CPU.ActiveCfg = Debug|Any CPU
		{F69BE1D5-9516-43ED-963E-C39B7301B63C}.Debug|Any CPU.Build.0 = Debug|Any CPU
		{F69BE1D5-9516-43ED-963E-C39B7301B63C}.Debug|Any CPU.Deploy.0 = Debug|Any CPU
		{F69BE1D5-9516-43ED-963E-C39B7301B63C}.Debug|iPhone.ActiveCfg = Debug|Any CPU
		{F69BE1D5-9516-43ED-963E-C39B7301B63C}.Debug|iPhone.Build.0 = Debug|Any CPU
		{F69BE1D5-9516-43ED-963E-C39B7301B63C}.Debug|iPhone.Deploy.0 = Debug|Any CPU
		{F69BE1D5-9516-43ED-963E-C39B7301B63C}.Debug|iPhoneSimulator.ActiveCfg = Debug|Any CPU
		{F69BE1D5-9516-43ED-963E-C39B7301B63C}.Debug|iPhoneSimulator.Build.0 = Debug|Any CPU
		{F69BE1D5-9516-43ED-963E-C39B7301B63C}.Debug|iPhoneSimulator.Deploy.0 = Debug|Any CPU
		{F69BE1D5-9516-43ED-963E-C39B7301B63C}.Release|Any CPU.ActiveCfg = Release|Any CPU
		{F69BE1D5-9516-43ED-963E-C39B7301B63C}.Release|Any CPU.Build.0 = Release|Any CPU
		{F69BE1D5-9516-43ED-963E-C39B7301B63C}.Release|Any CPU.Deploy.0 = Release|Any CPU
		{F69BE1D5-9516-43ED-963E-C39B7301B63C}.Release|iPhone.ActiveCfg = Release|Any CPU
		{F69BE1D5-9516-43ED-963E-C39B7301B63C}.Release|iPhone.Build.0 = Release|Any CPU
		{F69BE1D5-9516-43ED-963E-C39B7301B63C}.Release|iPhone.Deploy.0 = Release|Any CPU
		{F69BE1D5-9516-43ED-963E-C39B7301B63C}.Release|iPhoneSimulator.ActiveCfg = Release|Any CPU
		{F69BE1D5-9516-43ED-963E-C39B7301B63C}.Release|iPhoneSimulator.Build.0 = Release|Any CPU
		{F69BE1D5-9516-43ED-963E-C39B7301B63C}.Release|iPhoneSimulator.Deploy.0 = Release|Any CPU
		{1DE0CD6F-D5A2-4C9F-87EC-3942CDA979FF}.Debug|Any CPU.ActiveCfg = Debug|iPhone
		{1DE0CD6F-D5A2-4C9F-87EC-3942CDA979FF}.Debug|Any CPU.Build.0 = Debug|iPhone
		{1DE0CD6F-D5A2-4C9F-87EC-3942CDA979FF}.Debug|Any CPU.Deploy.0 = Debug|iPhone
		{1DE0CD6F-D5A2-4C9F-87EC-3942CDA979FF}.Debug|iPhone.ActiveCfg = Debug|iPhone
		{1DE0CD6F-D5A2-4C9F-87EC-3942CDA979FF}.Debug|iPhone.Build.0 = Debug|iPhone
		{1DE0CD6F-D5A2-4C9F-87EC-3942CDA979FF}.Debug|iPhone.Deploy.0 = Debug|iPhone
		{1DE0CD6F-D5A2-4C9F-87EC-3942CDA979FF}.Debug|iPhoneSimulator.ActiveCfg = Debug|iPhoneSimulator
		{1DE0CD6F-D5A2-4C9F-87EC-3942CDA979FF}.Debug|iPhoneSimulator.Build.0 = Debug|iPhoneSimulator
		{1DE0CD6F-D5A2-4C9F-87EC-3942CDA979FF}.Debug|iPhoneSimulator.Deploy.0 = Debug|iPhoneSimulator
		{1DE0CD6F-D5A2-4C9F-87EC-3942CDA979FF}.Release|Any CPU.ActiveCfg = Release|iPhoneSimulator
		{1DE0CD6F-D5A2-4C9F-87EC-3942CDA979FF}.Release|Any CPU.Build.0 = Release|iPhoneSimulator
		{1DE0CD6F-D5A2-4C9F-87EC-3942CDA979FF}.Release|Any CPU.Deploy.0 = Release|iPhoneSimulator
		{1DE0CD6F-D5A2-4C9F-87EC-3942CDA979FF}.Release|iPhone.ActiveCfg = Release|iPhone
		{1DE0CD6F-D5A2-4C9F-87EC-3942CDA979FF}.Release|iPhone.Build.0 = Release|iPhone
		{1DE0CD6F-D5A2-4C9F-87EC-3942CDA979FF}.Release|iPhone.Deploy.0 = Release|iPhone
		{1DE0CD6F-D5A2-4C9F-87EC-3942CDA979FF}.Release|iPhoneSimulator.ActiveCfg = Release|iPhoneSimulator
		{1DE0CD6F-D5A2-4C9F-87EC-3942CDA979FF}.Release|iPhoneSimulator.Build.0 = Release|iPhoneSimulator
		{1DE0CD6F-D5A2-4C9F-87EC-3942CDA979FF}.Release|iPhoneSimulator.Deploy.0 = Release|iPhoneSimulator
		{17F45526-CE40-48D5-B118-0903BA4CB1A6}.Debug|Any CPU.ActiveCfg = Debug|Any CPU
		{17F45526-CE40-48D5-B118-0903BA4CB1A6}.Debug|Any CPU.Build.0 = Debug|Any CPU
		{17F45526-CE40-48D5-B118-0903BA4CB1A6}.Debug|Any CPU.Deploy.0 = Debug|Any CPU
		{17F45526-CE40-48D5-B118-0903BA4CB1A6}.Debug|iPhone.ActiveCfg = Debug|Any CPU
		{17F45526-CE40-48D5-B118-0903BA4CB1A6}.Debug|iPhone.Build.0 = Debug|Any CPU
		{17F45526-CE40-48D5-B118-0903BA4CB1A6}.Debug|iPhone.Deploy.0 = Debug|Any CPU
		{17F45526-CE40-48D5-B118-0903BA4CB1A6}.Debug|iPhoneSimulator.ActiveCfg = Debug|Any CPU
		{17F45526-CE40-48D5-B118-0903BA4CB1A6}.Debug|iPhoneSimulator.Build.0 = Debug|Any CPU
		{17F45526-CE40-48D5-B118-0903BA4CB1A6}.Debug|iPhoneSimulator.Deploy.0 = Debug|Any CPU
		{17F45526-CE40-48D5-B118-0903BA4CB1A6}.Release|Any CPU.ActiveCfg = Release|Any CPU
		{17F45526-CE40-48D5-B118-0903BA4CB1A6}.Release|Any CPU.Build.0 = Release|Any CPU
		{17F45526-CE40-48D5-B118-0903BA4CB1A6}.Release|Any CPU.Deploy.0 = Release|Any CPU
		{17F45526-CE40-48D5-B118-0903BA4CB1A6}.Release|iPhone.ActiveCfg = Release|Any CPU
		{17F45526-CE40-48D5-B118-0903BA4CB1A6}.Release|iPhone.Build.0 = Release|Any CPU
		{17F45526-CE40-48D5-B118-0903BA4CB1A6}.Release|iPhone.Deploy.0 = Release|Any CPU
		{17F45526-CE40-48D5-B118-0903BA4CB1A6}.Release|iPhoneSimulator.ActiveCfg = Release|Any CPU
		{17F45526-CE40-48D5-B118-0903BA4CB1A6}.Release|iPhoneSimulator.Build.0 = Release|Any CPU
		{17F45526-CE40-48D5-B118-0903BA4CB1A6}.Release|iPhoneSimulator.Deploy.0 = Release|Any CPU
	EndGlobalSection
	GlobalSection(SolutionProperties) = preSolution
		HideSolutionNode = FALSE
	EndGlobalSection
	GlobalSection(ExtensibilityGlobals) = postSolution
		SolutionGuid = {F66D9835-38AD-481E-9611-45F7A90CE96E}
	EndGlobalSection
EndGlobal
